
Microsoft Visual Studio Solution File, Format Version 12.00
# Visual Studio Version 16
VisualStudioVersion = 16.0.28729.10
MinimumVisualStudioVersion = 10.0.40219.1
Project("{9A19103F-16F7-4668-BE54-9A1E7A4F7556}") = "LatinMedia.web", "LatinMedia.web\LatinMedia.web.csproj", "{474C539C-6635-4B1F-828F-1BEA46F1CFC7}"
EndProject
Project("{9A19103F-16F7-4668-BE54-9A1E7A4F7556}") = "LatinMedia.DataLayer", "LatinMedia.DataLayer\LatinMedia.DataLayer.csproj", "{B6EC25B6-7326-4415-AD46-C39A3404B641}"
EndProject
Project("{9A19103F-16F7-4668-BE54-9A1E7A4F7556}") = "LatinMedia.Core", "LatinMedia.Core\LatinMedia.Core.csproj", "{A60C0478-3C84-41D2-8399-1BFF0AD454B7}"
EndProject
Global
	GlobalSection(SolutionConfigurationPlatforms) = preSolution
		Debug|Any CPU = Debug|Any CPU
		Release|Any CPU = Release|Any CPU
	EndGlobalSection
	GlobalSection(ProjectConfigurationPlatforms) = postSolution
		{474C539C-6635-4B1F-828F-1BEA46F1CFC7}.Debug|Any CPU.ActiveCfg = Debug|Any CPU
		{474C539C-6635-4B1F-828F-1BEA46F1CFC7}.Debug|Any CPU.Build.0 = Debug|Any CPU
		{474C539C-6635-4B1F-828F-1BEA46F1CFC7}.Release|Any CPU.ActiveCfg = Release|Any CPU
		{474C539C-6635-4B1F-828F-1BEA46F1CFC7}.Release|Any CPU.Build.0 = Release|Any CPU
		{B6EC25B6-7326-4415-AD46-C39A3404B641}.Debug|Any CPU.ActiveCfg = Debug|Any CPU
		{B6EC25B6-7326-4415-AD46-C39A3404B641}.Debug|Any CPU.Build.0 = Debug|Any CPU
		{B6EC25B6-7326-4415-AD46-C39A3404B641}.Release|Any CPU.ActiveCfg = Release|Any CPU
		{B6EC25B6-7326-4415-AD46-C39A3404B641}.Release|Any CPU.Build.0 = Release|Any CPU
		{A60C0478-3C84-41D2-8399-1BFF0AD454B7}.Debug|Any CPU.ActiveCfg = Debug|Any CPU
		{A60C0478-3C84-41D2-8399-1BFF0AD454B7}.Debug|Any CPU.Build.0 = Debug|Any CPU
		{A60C0478-3C84-41D2-8399-1BFF0AD454B7}.Release|Any CPU.ActiveCfg = Release|Any CPU
		{A60C0478-3C84-41D2-8399-1BFF0AD454B7}.Release|Any CPU.Build.0 = Release|Any CPU
	EndGlobalSection
	GlobalSection(SolutionProperties) = preSolution
		HideSolutionNode = FALSE
	EndGlobalSection
	GlobalSection(ExtensibilityGlobals) = postSolution
		SolutionGuid = {86857043-732A-47DD-83D6-ABB27D647426}
	EndGlobalSection
EndGlobal
